repository=https://github.com/eraserhd/parinfer-rust.git
tag=v0.4.3
commit=7b67f166e8ad12899903a0ea451333c41ed80544
rust_toolchain=1.79.0
cargo_lock_sha256=a19c985aed0a999663ffe52d4ad2e5c01ff2852986284845ac339169f7f9c16b
cargo_toml_sha256=73ec87e1258d379ec2986fbb7dcc912e64746779b7f16727b6a80e7edaaf7326
components_sha256=876c570ef30f766af9ab772768e0ecd9796b8a829ac0ba91d899b66fed2c0c35
notices_sha256=784a9d05bddf67ea88a740375eeb3f18313a0ab02f128336b26b26eda83c0de7

linux/amd64/parinfer-rust=97ec65e632a3aebfef3d56b8f749238217455ff5f6b0687a9c340ff8533829ff
linux/arm64/parinfer-rust=de4d0063005ed6c781b24470e4ab75a0ff907c364ada490c4a3aafd1c63b234f
darwin/amd64/parinfer-rust=97027e16225a7b540b48cd9dcc84546d007f85b6cb3215e1cd1283ea849a5d99
darwin/arm64/parinfer-rust=6c2c8f2cef0e0507172f26ef2fa15cdfd03322679a12c3b937acab2441b76184
windows/amd64/parinfer-rust.exe=b290233e7387af9b7093d39052162f1ac7e4e9eaf1962f8702b5ffcf44df8307
